<Solution>
  <Project Path="Unity.ShaderGraph.Editor.csproj" />
  <Project Path="Assembly-CSharp.csproj" />
  <Project Path="MagicaClothV2.csproj" />
  <Project Path="Unity.Animation.Rigging.csproj" />
  <Project Path="Unity.Animation.Rigging.Editor.csproj" />
  <Project Path="Meta.XR.Movement.Samples.csproj" />
  <Project Path="Unity.XR.Interaction.Toolkit.Samples.Hands.csproj" />
  <Project Path="Assembly-CSharp-Editor.csproj" />
  <Project Path="MagicaClothV2.Editor.csproj" />
  <Project Path="Unity.XR.Hands.Samples.VisualizerSample.csproj" />
  <Project Path="Meta.XR.SDK.Audio.Samples.csproj" />
  <Project Path="Meta.XR.Movement.Tracking.csproj" />
  <Project Path="Meta.XR.Movement.Tracking.Editor.csproj" />
  <Project Path="Meta.XR.Movement.csproj" />
  <Project Path="Unity.RenderPipelines.Core.Samples.Runtime.csproj" />
  <Project Path="Meta.XR.Movement.Samples.Editor.csproj" />
  <Project Path="Unity.UI.Shaders.Sample.Editor.csproj" />
  <Project Path="Meta.XR.Movement.Editor.csproj" />
  <Project Path="Meta.XR.Movement.Networking.csproj" />
  <Project Path="Unity.XR.Interaction.Toolkit.Samples.StarterAssets.csproj" />
  <Project Path="Unity.UI.Shaders.Sample.csproj" />
  <Project Path="Unity.XR.Interaction.Toolkit.Samples.Hands.Editor.csproj" />
  <Project Path="Unity.StarterAssets.Editor.csproj" />
  <Project Path="Unity.StarterAssets.csproj" />
  <Project Path="Unity.RenderPipelines.Core.Samples.Editor.csproj" />
  <Project Path="MagicaCloth2Example.csproj" />
  <Project Path="Meta.XR.Movement.Networking.Editor.csproj" />
  <Project Path="Unity.Animation.Rigging.DocCodeExamples.csproj" />
  <Project Path="Unity.XR.Interaction.Toolkit.Samples.StarterAssets.Editor.csproj" />
  <Project Path="URPWizard.csproj" />
</Solution>
